
Microsoft Visual Studio Solution File, Format Version 12.00
# Visual Studio Version 17
VisualStudioVersion = 17.2.32516.85
MinimumVisualStudioVersion = 10.0.40219.1
Project("{FAE04EC0-301F-11D3-BF4B-00C04F79EFBC}") = "prototipo4", "prototipo4\prototipo4.csproj", "{87B420B3-2A2A-4643-8B94-7C3C292A5159}"
EndProject
Global
	GlobalSection(SolutionConfigurationPlatforms) = preSolution
		Debug|Any CPU = Debug|Any CPU
		Release|Any CPU = Release|Any CPU
	EndGlobalSection
	GlobalSection(ProjectConfigurationPlatforms) = postSolution
		{87B420B3-2A2A-4643-8B94-7C3C292A5159}.Debug|Any CPU.ActiveCfg = Debug|Any CPU
		{87B420B3-2A2A-4643-8B94-7C3C292A5159}.Debug|Any CPU.Build.0 = Debug|Any CPU
		{87B420B3-2A2A-4643-8B94-7C3C292A5159}.Release|Any CPU.ActiveCfg = Release|Any CPU
		{87B420B3-2A2A-4643-8B94-7C3C292A5159}.Release|Any CPU.Build.0 = Release|Any CPU
	EndGlobalSection
	GlobalSection(SolutionProperties) = preSolution
		HideSolutionNode = FALSE
	EndGlobalSection
	GlobalSection(ExtensibilityGlobals) = postSolution
		SolutionGuid = {ABD4EE56-10CA-4635-89FB-B2757DEC9C4B}
	EndGlobalSection
EndGlobal
